
Microsoft Visual Studio Solution File, Format Version 12.00
Project("{FAE04EC0-301F-11D3-BF4B-00C04F79EFBC}") = "EmployeeLeaveManagementAPI", "EmployeeLeaveManagementAPI.csproj", "{6C90B956-518E-484D-ABC4-2E0EC3C05EB9}"
EndProject
Global
	GlobalSection(SolutionConfigurationPlatforms) = preSolution
		Debug|Any CPU = Debug|Any CPU
		Release|Any CPU = Release|Any CPU
	EndGlobalSection
	GlobalSection(ProjectConfigurationPlatforms) = postSolution
		{6C90B956-518E-484D-ABC4-2E0EC3C05EB9}.Debug|Any CPU.ActiveCfg = Debug|Any CPU
		{6C90B956-518E-484D-ABC4-2E0EC3C05EB9}.Debug|Any CPU.Build.0 = Debug|Any CPU
		{6C90B956-518E-484D-ABC4-2E0EC3C05EB9}.Release|Any CPU.ActiveCfg = Release|Any CPU
		{6C90B956-518E-484D-ABC4-2E0EC3C05EB9}.Release|Any CPU.Build.0 = Release|Any CPU
	EndGlobalSection
EndGlobal
